
Microsoft Visual Studio Solution File, Format Version 12.00
# Visual Studio 15
VisualStudioVersion = 15.0.27703.1
MinimumVisualStudioVersion = 10.0.40219.1
Project("{FAE04EC0-301F-11D3-BF4B-00C04F79EFBC}") = "Keylog", "KeyLog\Keylog.csproj", "{3BD7AA19-56ED-4294-A5FB-0EE23C4D8993}"
EndProject
Global
	GlobalSection(SolutionConfigurationPlatforms) = preSolution
		Debug|Any CPU = Debug|Any CPU
		Release|Any CPU = Release|Any CPU
	EndGlobalSection
	GlobalSection(ProjectConfigurationPlatforms) = postSolution
		{3BD7AA19-56ED-4294-A5FB-0EE23C4D8993}.Debug|Any CPU.ActiveCfg = Debug|Any CPU
		{3BD7AA19-56ED-4294-A5FB-0EE23C4D8993}.Debug|Any CPU.Build.0 = Debug|Any CPU
		{3BD7AA19-56ED-4294-A5FB-0EE23C4D8993}.Release|Any CPU.ActiveCfg = Release|Any CPU
		{3BD7AA19-56ED-4294-A5FB-0EE23C4D8993}.Release|Any CPU.Build.0 = Release|Any CPU
	EndGlobalSection
	GlobalSection(SolutionProperties) = preSolution
		HideSolutionNode = FALSE
	EndGlobalSection
	GlobalSection(ExtensibilityGlobals) = postSolution
		SolutionGuid = {7155ACD1-C15D-4EF4-9443-6397B3619E8D}
	EndGlobalSection
EndGlobal
